
Microsoft Visual Studio Solution File, Format Version 12.00
# Visual Studio Version 16
VisualStudioVersion = 16.0.31105.61
MinimumVisualStudioVersion = 10.0.40219.1
Project("{FAE04EC0-301F-11D3-BF4B-00C04F79EFBC}") = "InmobiliariaSpartano", "InmobiliariaSpartano.csproj", "{2A43E610-0C70-40E4-8B7C-8CF069FE977B}"
EndProject
Global
	GlobalSection(SolutionConfigurationPlatforms) = preSolution
		Debug|Any CPU = Debug|Any CPU
		Release|Any CPU = Release|Any CPU
	EndGlobalSection
	GlobalSection(ProjectConfigurationPlatforms) = postSolution
		{2A43E610-0C70-40E4-8B7C-8CF069FE977B}.Debug|Any CPU.ActiveCfg = Debug|Any CPU
		{2A43E610-0C70-40E4-8B7C-8CF069FE977B}.Debug|Any CPU.Build.0 = Debug|Any CPU
		{2A43E610-0C70-40E4-8B7C-8CF069FE977B}.Release|Any CPU.ActiveCfg = Release|Any CPU
		{2A43E610-0C70-40E4-8B7C-8CF069FE977B}.Release|Any CPU.Build.0 = Release|Any CPU
	EndGlobalSection
	GlobalSection(SolutionProperties) = preSolution
		HideSolutionNode = FALSE
	EndGlobalSection
	GlobalSection(ExtensibilityGlobals) = postSolution
		SolutionGuid = {B9FF225C-5BFC-46A8-8210-38CC49121992}
	EndGlobalSection
EndGlobal
